
Microsoft Visual Studio Solution File, Format Version 12.00
# Visual Studio Version 17
VisualStudioVersion = 17.12.35707.178 d17.12
MinimumVisualStudioVersion = 10.0.40219.1
Project("{F184B08F-C81C-45F6-A57F-5ABD9991F28F}") = "硬體裝修乙級第一站術科考試範例程式", "硬體裝修乙級第一站術科考試範例程式\硬體裝修乙級第一站術科考試範例程式.vbproj", "{A5C32F98-D405-494A-925A-09A6F4C181DB}"
EndProject
Global
	GlobalSection(SolutionConfigurationPlatforms) = preSolution
		Debug|Any CPU = Debug|Any CPU
		Release|Any CPU = Release|Any CPU
	EndGlobalSection
	GlobalSection(ProjectConfigurationPlatforms) = postSolution
		{A5C32F98-D405-494A-925A-09A6F4C181DB}.Debug|Any CPU.ActiveCfg = Debug|Any CPU
		{A5C32F98-D405-494A-925A-09A6F4C181DB}.Debug|Any CPU.Build.0 = Debug|Any CPU
		{A5C32F98-D405-494A-925A-09A6F4C181DB}.Release|Any CPU.ActiveCfg = Release|Any CPU
		{A5C32F98-D405-494A-925A-09A6F4C181DB}.Release|Any CPU.Build.0 = Release|Any CPU
	EndGlobalSection
	GlobalSection(SolutionProperties) = preSolution
		HideSolutionNode = FALSE
	EndGlobalSection
EndGlobal
